<?xml version="1.0" encoding="utf-8"?>
<Project ToolsVersion="4.0" xmlns="http://schemas.microsoft.com/developer/msbuild/2003">
  <ItemGroup>
    <Filter Include="Исходные файлы">
      <UniqueIdentifier>{4FC737F1-C7A5-4376-A066-2A32D752A2FF}</UniqueIdentifier>
      <Extensions>cpp;c;cc;cxx;c++;cppm;ixx;def;odl;idl;hpj;bat;asm;asmx</Extensions>
    </Filter>
    <Filter Include="Файлы заголовков">
      <UniqueIdentifier>{93995380-89BD-4b04-88EB-625FBE52EBFB}</UniqueIdentifier>
      <Extensions>h;hh;hpp;hxx;h++;hm;inl;inc;ipp;xsd</Extensions>
    </Filter>
    <Filter Include="Файлы ресурсов">
      <UniqueIdentifier>{b0f0f3ea-7f29-4508-b43a-95852a39137f}</UniqueIdentifier>
    </Filter>
    <Filter Include="Исходные файлы\database">
      <UniqueIdentifier>{24e64b15-92d2-4077-9edf-943932426c9d}</UniqueIdentifier>
    </Filter>
    <Filter Include="Файлы заголовков\database">
      <UniqueIdentifier>{3c59b40a-f9e5-49c0-a837-3d2a7a4a1715}</UniqueIdentifier>
    </Filter>
    <Filter Include="Файлы заголовков\utility">
      <UniqueIdentifier>{86e1d941-b7bc-4c6a-a3e1-ba57c1c3542e}</UniqueIdentifier>
    </Filter>
    <Filter Include="Исходные файлы\utility">
      <UniqueIdentifier>{6c5e270b-01b9-4cf9-8524-3ca51b6e22d9}</UniqueIdentifier>
    </Filter>
    <Filter Include="Исходные файлы\config">
      <UniqueIdentifier>{655fadc1-2ed6-4edf-992d-461080c77243}</UniqueIdentifier>
    </Filter>
    <Filter Include="Файлы заголовков\config">
      <UniqueIdentifier>{f982cbfc-d4e0-4adb-b93c-0479eb738c37}</UniqueIdentifier>
    </Filter>
  </ItemGroup>
  <ItemGroup>
    <ClInclude Include="pch.h">
      <Filter>Файлы заголовков</Filter>
    </ClInclude>
    <ClInclude Include="database\database.h">
      <Filter>Файлы заголовков\database</Filter>
    </ClInclude>
    <ClInclude Include="resource.h">
      <Filter>Файлы заголовков</Filter>
    </ClInclude>
    <ClInclude Include="utility\utility.h">
      <Filter>Файлы заголовков\utility</Filter>
    </ClInclude>
    <ClInclude Include="config\config.h">
      <Filter>Файлы заголовков\config</Filter>
    </ClInclude>
  </ItemGroup>
  <ItemGroup>
    <ClCompile Include="dllmain.cpp">
      <Filter>Исходные файлы</Filter>
    </ClCompile>
    <ClCompile Include="pch.cpp">
      <Filter>Исходные файлы</Filter>
    </ClCompile>
    <ClCompile Include="database\database.cpp">
      <Filter>Исходные файлы\database</Filter>
    </ClCompile>
    <ClCompile Include="plugin.cpp">
      <Filter>Исходные файлы</Filter>
    </ClCompile>
    <ClCompile Include="utility\utility.cpp">
      <Filter>Исходные файлы\utility</Filter>
    </ClCompile>
    <ClCompile Include="config\config.cpp">
      <Filter>Исходные файлы\config</Filter>
    </ClCompile>
  </ItemGroup>
  <ItemGroup>
    <ResourceCompile Include="resource.rc">
      <Filter>Файлы ресурсов</Filter>
    </ResourceCompile>
  </ItemGroup>
</Project>